Microsoft Visual Studio Solution File, Format Version 12.00
# Visual Studio Version 17
VisualStudioVersion = 17.5.2.0
MinimumVisualStudioVersion = 10.0.40219.1
Project("{FAE04EC0-301F-11D3-BF4B-00C04F79EFBC}") = "InvoiceSystem.API", "InvoiceSystem.API\InvoiceSystem.API.csproj", "{09DC7E8B-02F5-39DC-0401-D6A65ACF7F04}"
EndProject
Global
	GlobalSection(SolutionConfigurationPlatforms) = preSolution
		Debug|Any CPU = Debug|Any CPU
		Release|Any CPU = Release|Any CPU
	EndGlobalSection
	GlobalSection(ProjectConfigurationPlatforms) = postSolution
		{09DC7E8B-02F5-39DC-0401-D6A65ACF7F04}.Debug|Any CPU.ActiveCfg = Debug|Any CPU
		{09DC7E8B-02F5-39DC-0401-D6A65ACF7F04}.Debug|Any CPU.Build.0 = Debug|Any CPU
		{09DC7E8B-02F5-39DC-0401-D6A65ACF7F04}.Release|Any CPU.ActiveCfg = Release|Any CPU
		{09DC7E8B-02F5-39DC-0401-D6A65ACF7F04}.Release|Any CPU.Build.0 = Release|Any CPU
	EndGlobalSection
	GlobalSection(SolutionProperties) = preSolution
		HideSolutionNode = FALSE
	EndGlobalSection
	GlobalSection(ExtensibilityGlobals) = postSolution
		SolutionGuid = {B4EEC369-6F9D-4BD9-BE84-931C2DC747AD}
	EndGlobalSection
EndGlobal
